
Microsoft Visual Studio Solution File, Format Version 12.00
# Visual Studio Version 17
VisualStudioVersion = 17.14.36623.8
MinimumVisualStudioVersion = 10.0.40219.1
Project("{FAE04EC0-301F-11D3-BF4B-00C04F79EFBC}") = "BlogFeed", "BlogFeed\BlogFeed.csproj", "{455DA02B-89AD-428B-A856-84F6F42DA306}"
EndProject
Global
	GlobalSection(SolutionConfigurationPlatforms) = preSolution
		Debug|Any CPU = Debug|Any CPU
		Release|Any CPU = Release|Any CPU
	EndGlobalSection
	GlobalSection(ProjectConfigurationPlatforms) = postSolution
		{455DA02B-89AD-428B-A856-84F6F42DA306}.Debug|Any CPU.ActiveCfg = Debug|Any CPU
		{455DA02B-89AD-428B-A856-84F6F42DA306}.Debug|Any CPU.Build.0 = Debug|Any CPU
		{455DA02B-89AD-428B-A856-84F6F42DA306}.Release|Any CPU.ActiveCfg = Release|Any CPU
		{455DA02B-89AD-428B-A856-84F6F42DA306}.Release|Any CPU.Build.0 = Release|Any CPU
	EndGlobalSection
	GlobalSection(SolutionProperties) = preSolution
		HideSolutionNode = FALSE
	EndGlobalSection
	GlobalSection(ExtensibilityGlobals) = postSolution
		SolutionGuid = {C996949E-D2DE-4A3C-B98D-681BCE17DBD4}
	EndGlobalSection
EndGlobal
